
Microsoft Visual Studio Solution File, Format Version 12.00
# Visual Studio Version 17
VisualStudioVersion = 17.8.34330.188
MinimumVisualStudioVersion = 10.0.40219.1
Project("{9A19103F-16F7-4668-BE54-9A1E7A4F7556}") = "MicroManager", "MicroManager\MicroManager.csproj", "{B82CD97B-D0D5-4175-BD68-663A54E679B9}"
EndProject
Global
	GlobalSection(SolutionConfigurationPlatforms) = preSolution
		Debug|Any CPU = Debug|Any CPU
		Release|Any CPU = Release|Any CPU
	EndGlobalSection
	GlobalSection(ProjectConfigurationPlatforms) = postSolution
		{B82CD97B-D0D5-4175-BD68-663A54E679B9}.Debug|Any CPU.ActiveCfg = Debug|Any CPU
		{B82CD97B-D0D5-4175-BD68-663A54E679B9}.Debug|Any CPU.Build.0 = Debug|Any CPU
		{B82CD97B-D0D5-4175-BD68-663A54E679B9}.Release|Any CPU.ActiveCfg = Release|Any CPU
		{B82CD97B-D0D5-4175-BD68-663A54E679B9}.Release|Any CPU.Build.0 = Release|Any CPU
	EndGlobalSection
	GlobalSection(SolutionProperties) = preSolution
		HideSolutionNode = FALSE
	EndGlobalSection
	GlobalSection(ExtensibilityGlobals) = postSolution
		SolutionGuid = {DDDD6B1B-2F75-4BD6-98D8-11629C063473}
	EndGlobalSection
EndGlobal
